{
  "name": "bash.github.io",
  "lockfileVersion": 3,
  "requires": true,
  "packages": {
    "": {
      "name": "bash.github.io",
      "dependencies": {
        "katex": "^0.16.10",
        "lightningcss-cli": "^1.24.1"
      }
    },
    "node_modules/commander": {
      "version": "8.3.0",
      "resolved": "https://registry.npmjs.org/commander/-/commander-8.3.0.tgz",
      "integrity": "sha512-OkTL9umf+He2DZkUq8f8J9of7yL6RJKI24dVITBmNfZBmri9zYZQrKkuXiKhyfPSu8tUhnVBB1iKXevvnlR4Ww==",
      "license": "MIT",
      "engines": {
        "node": ">= 12"
      }
    },
    "node_modules/detect-libc": {
      "version": "1.0.3",
      "resolved": "https://registry.npmjs.org/detect-libc/-/detect-libc-1.0.3.tgz",
      "integrity": "sha512-pGjwhsmsp4kL2RTz08wcOlGN83otlqHeD/Z5T8GXZB+/YcpQ/dgo+lbU8ZsGxV0HIvqqxo9l7mqYwyYMD9bKDg==",
      "license": "Apache-2.0",
      "bin": {
        "detect-libc": "bin/detect-libc.js"
      },
      "engines": {
        "node": ">=0.10"
      }
    },
    "node_modules/katex": {
      "version": "0.16.21",
      "resolved": "https://registry.npmjs.org/katex/-/katex-0.16.21.tgz",
      "integrity": "sha512-XvqR7FgOHtWupfMiigNzmh+MgUVmDGU2kXZm899ZkPfcuoPuFxyHmXsgATDpFZDAXCI8tvinaVcDo8PIIJSo4A==",
      "funding": [
        "https://opencollective.com/katex",
        "https://github.com/sponsors/katex"
      ],
      "license": "MIT",
      "dependencies": {
        "commander": "^8.3.0"
      },
      "bin": {
        "katex": "cli.js"
      }
    },
    "node_modules/lightningcss-cli": {
      "version": "1.29.1",
      "resolved": "https://registry.npmjs.org/lightningcss-cli/-/lightningcss-cli-1.29.1.tgz",
      "integrity": "sha512-beeQ7BVpwjqFFn17BV9TG8byn6V0j0L2CuGd3I7tQDPyMW7DI4+HPTm306fKLCg63oX3HWpmkgMedBjyWM9/FA==",
      "hasInstallScript": true,
      "license": "MPL-2.0",
      "dependencies": {
        "detect-libc": "^1.0.3"
      },
      "bin": {
        "lightningcss": "lightningcss"
      },
      "engines": {
        "node": ">= 12.0.0"
      },
      "funding": {
        "type": "opencollective",
        "url": "https://opencollective.com/parcel"
      },
      "optionalDependencies": {
        "lightningcss-cli-darwin-arm64": "1.29.1",
        "lightningcss-cli-darwin-x64": "1.29.1",
        "lightningcss-cli-freebsd-x64": "1.29.1",
        "lightningcss-cli-linux-arm-gnueabihf": "1.29.1",
        "lightningcss-cli-linux-arm64-gnu": "1.29.1",
        "lightningcss-cli-linux-arm64-musl": "1.29.1",
        "lightningcss-cli-linux-x64-gnu": "1.29.1",
        "lightningcss-cli-linux-x64-musl": "1.29.1",
        "lightningcss-cli-win32-arm64-msvc": "1.29.1",
        "lightningcss-cli-win32-x64-msvc": "1.29.1"
      }
    },
    "node_modules/lightningcss-cli-darwin-arm64": {
      "version": "1.29.1",
      "resolved": "https://registry.npmjs.org/lightningcss-cli-darwin-arm64/-/lightningcss-cli-darwin-arm64-1.29.1.tgz",
      "integrity": "sha512-KCQ0F0aS0jRlNHFHIGDozDnG3rlqEsSaotZ71S+W1llITk3TqVMXtkKj2hoC88v/aLpuVkDStNee68mDfOhjEA==",
      "cpu": [
        "arm64"
      ],
      "license": "MPL-2.0",
      "optional": true,
      "os": [
        "darwin"
      ],
      "engines": {
        "node": ">= 12.0.0"
      },
      "funding": {
        "type": "opencollective",
        "url": "https://opencollective.com/parcel"
      }
    },
    "node_modules/lightningcss-cli-darwin-x64": {
      "version": "1.29.1",
      "resolved": "https://registry.npmjs.org/lightningcss-cli-darwin-x64/-/lightningcss-cli-darwin-x64-1.29.1.tgz",
      "integrity": "sha512-ug2Q5th5sdXVpbqZXqSyYDtAxXXclwWaelQpv/JKzfkm77bWL37e1LIhcIKaprvRxHZQC8EW6XJUfYUyda+o+A==",
      "cpu": [
        "x64"
      ],
      "license": "MPL-2.0",
      "optional": true,
      "os": [
        "darwin"
      ],
      "engines": {
        "node": ">= 12.0.0"
      },
      "funding": {
        "type": "opencollective",
        "url": "https://opencollective.com/parcel"
      }
    },
    "node_modules/lightningcss-cli-freebsd-x64": {
      "version": "1.29.1",
      "resolved": "https://registry.npmjs.org/lightningcss-cli-freebsd-x64/-/lightningcss-cli-freebsd-x64-1.29.1.tgz",
      "integrity": "sha512-Qgx4JFVGZ3m21K8O8BSf2tNszA/BlkUOgBmzr5n1YWaCzFKXaaTdpg4RUi0cxF3I91DERTQTi82GqYeZ1A93mA==",
      "cpu": [
        "x64"
      ],
      "license": "MPL-2.0",
      "optional": true,
      "os": [
        "freebsd"
      ],
      "engines": {
        "node": ">= 12.0.0"
      },
      "funding": {
        "type": "opencollective",
        "url": "https://opencollective.com/parcel"
      }
    },
    "node_modules/lightningcss-cli-linux-arm-gnueabihf": {
      "version": "1.29.1",
      "resolved": "https://registry.npmjs.org/lightningcss-cli-linux-arm-gnueabihf/-/lightningcss-cli-linux-arm-gnueabihf-1.29.1.tgz",
      "integrity": "sha512-PhNQPIKZu6htDfZeI6zCRWGkr5ZjlbiuwL7dZTL51u48ROBm/QY1ZN9QUBnqasNexc5F2nMgwAXiJCzeozD/5g==",
      "cpu": [
        "arm"
      ],
      "license": "MPL-2.0",
      "optional": true,
      "os": [
        "linux"
      ],
      "engines": {
        "node": ">= 12.0.0"
      },
      "funding": {
        "type": "opencollective",
        "url": "https://opencollective.com/parcel"
      }
    },
    "node_modules/lightningcss-cli-linux-arm64-gnu": {
      "version": "1.29.1",
      "resolved": "https://registry.npmjs.org/lightningcss-cli-linux-arm64-gnu/-/lightningcss-cli-linux-arm64-gnu-1.29.1.tgz",
      "integrity": "sha512-Gyfdu5BiRpOAI8Bkc3OtnUuiwoGBHr9OnmWe6r6BIcc4pbeW9N7a5ZOBkBauyHbiIPadRe35YIfICfse/Gd/fg==",
      "cpu": [
        "arm64"
      ],
      "license": "MPL-2.0",
      "optional": true,
      "os": [
        "linux"
      ],
      "engines": {
        "node": ">= 12.0.0"
      },
      "funding": {
        "type": "opencollective",
        "url": "https://opencollective.com/parcel"
      }
    },
    "node_modules/lightningcss-cli-linux-arm64-musl": {
      "version": "1.29.1",
      "resolved": "https://registry.npmjs.org/lightningcss-cli-linux-arm64-musl/-/lightningcss-cli-linux-arm64-musl-1.29.1.tgz",
      "integrity": "sha512-qPntUL8JleGXNp2Vn0+bsJzyul/I6b/oZf7Mh7WEqRyMRtq+sSvKUdfXOzMahaNgO6pdetsCmUp5OtugbZ30kw==",
      "cpu": [
        "arm64"
      ],
      "license": "MPL-2.0",
      "optional": true,
      "os": [
        "linux"
      ],
      "engines": {
        "node": ">= 12.0.0"
      },
      "funding": {
        "type": "opencollective",
        "url": "https://opencollective.com/parcel"
      }
    },
    "node_modules/lightningcss-cli-linux-x64-gnu": {
      "version": "1.29.1",
      "resolved": "https://registry.npmjs.org/lightningcss-cli-linux-x64-gnu/-/lightningcss-cli-linux-x64-gnu-1.29.1.tgz",
      "integrity": "sha512-3jGo1pcdRFMQD4umxaxufZjCsbxcztkdb7Knb8CdUWHTuv22M3ZGFG/5/iYq+wl7/PNyiqiiwzPB/ysU3VQYUw==",
      "cpu": [
        "x64"
      ],
      "license": "MPL-2.0",
      "optional": true,
      "os": [
        "linux"
      ],
      "engines": {
        "node": ">= 12.0.0"
      },
      "funding": {
        "type": "opencollective",
        "url": "https://opencollective.com/parcel"
      }
    },
    "node_modules/lightningcss-cli-linux-x64-musl": {
      "version": "1.29.1",
      "resolved": "https://registry.npmjs.org/lightningcss-cli-linux-x64-musl/-/lightningcss-cli-linux-x64-musl-1.29.1.tgz",
      "integrity": "sha512-KfO8eBvtbWStJ2R7coK9kIGGvjhv8wIvOvrAB6copqzQgKPQOdPndnozX+q8T3wE7Q/Jpp6d4LIb8CnNQRODbQ==",
      "cpu": [
        "x64"
      ],
      "license": "MPL-2.0",
      "optional": true,
      "os": [
        "linux"
      ],
      "engines": {
        "node": ">= 12.0.0"
      },
      "funding": {
        "type": "opencollective",
        "url": "https://opencollective.com/parcel"
      }
    },
    "node_modules/lightningcss-cli-win32-arm64-msvc": {
      "version": "1.29.1",
      "resolved": "https://registry.npmjs.org/lightningcss-cli-win32-arm64-msvc/-/lightningcss-cli-win32-arm64-msvc-1.29.1.tgz",
      "integrity": "sha512-JVCjtdJ1K71/JVUvFaFS+9L8P+mfvUOLa0Po/pWqU9ZSIy2Q7701XDOQdpJ588FP+thu9kk89mKuB1CwVfVJiQ==",
      "cpu": [
        "arm64"
      ],
      "license": "MPL-2.0",
      "optional": true,
      "os": [
        "win32"
      ],
      "engines": {
        "node": ">= 12.0.0"
      },
      "funding": {
        "type": "opencollective",
        "url": "https://opencollective.com/parcel"
      }
    },
    "node_modules/lightningcss-cli-win32-x64-msvc": {
      "version": "1.29.1",
      "resolved": "https://registry.npmjs.org/lightningcss-cli-win32-x64-msvc/-/lightningcss-cli-win32-x64-msvc-1.29.1.tgz",
      "integrity": "sha512-CBXENkEBcLsa56XD5scOeJzRIajUBd+a9pjWUOHrDFi35pUT6WyU2PbQcLCmauHZDYWxeM/WSKAwFpMSpiVccw==",
      "cpu": [
        "x64"
      ],
      "license": "MPL-2.0",
      "optional": true,
      "os": [
        "win32"
      ],
      "engines": {
        "node": ">= 12.0.0"
      },
      "funding": {
        "type": "opencollective",
        "url": "https://opencollective.com/parcel"
      }
    }
  }
}
